
Microsoft Visual Studio Solution File, Format Version 11.00
# Visual Studio 2010
Project("{8BC9CEB8-8B4A-11D0-8D11-00A0C91BC942}") = "sample1", "sample1\vs2010\sample1.vcxproj", "{08D3F622-23A8-47CA-8F98-877613E9E714}"
EndProject
Project("{8BC9CEB8-8B4A-11D0-8D11-00A0C91BC942}") = "sample2", "sample2\vs2010\sample2.vcxproj", "{6F5D0448-1D41-4E0B-AF99-2BC8AE74D2A7}"
EndProject
Project("{8BC9CEB8-8B4A-11D0-8D11-00A0C91BC942}") = "sample3", "sample3\vs2010\sample3.vcxproj", "{AFEB34E1-2931-4CBF-B947-A2BABEE9A5B6}"
EndProject
Project("{8BC9CEB8-8B4A-11D0-8D11-00A0C91BC942}") = "sample4", "sample4\vs2010\sample4.vcxproj", "{EC5CE98B-F419-48F5-A7BC-7A15DF15FD91}"
EndProject
Project("{8BC9CEB8-8B4A-11D0-8D11-00A0C91BC942}") = "sample5", "sample5\vs2010\sample5.vcxproj", "{04C4F116-18A9-4908-B80C-9DFA794C0009}"
EndProject
Project("{8BC9CEB8-8B4A-11D0-8D11-00A0C91BC942}") = "sample6", "sample6\vs2010\sample6.vcxproj", "{A5D2CA41-389A-4EB0-9E47-1FBD9CA9AAF0}"
EndProject
Project("{8BC9CEB8-8B4A-11D0-8D11-00A0C91BC942}") = "sample7", "sample7\vs2010\sample7.vcxproj", "{E483D455-568B-4E7A-852A-6CB4745F1EF3}"
EndProject
Project("{8BC9CEB8-8B4A-11D0-8D11-00A0C91BC942}") = "sample8", "sample8\vs2010\sample8.vcxproj", "{9AE34845-F27C-4382-BC30-8FDEC8FA31FC}"
EndProject
Project("{8BC9CEB8-8B4A-11D0-8D11-00A0C91BC942}") = "sample9", "sample9\vs2010\sample9.vcxproj", "{0B6344C1-B1AF-4517-A328-52F0C6589E88}"
EndProject
Project("{8BC9CEB8-8B4A-11D0-8D11-00A0C91BC942}") = "sample10", "sample10\vs2010\sample10.vcxproj", "{1FD2570B-3247-458A-B2C0-4718EBC5E886}"
EndProject
Project("{2150E333-8FDC-42A3-9474-1A3956D46DE8}") = "google official", "google official", "{5A3260AD-7EB1-42A1-AF17-6AC59CEB4A0B}"
EndProject
Project("{8BC9CEB8-8B4A-11D0-8D11-00A0C91BC942}") = "sample_assert", "sample_assert\vs2010\sample_assert.vcxproj", "{C0F41905-ED64-4647-BEDB-38B5BC946C91}"
EndProject
Global
	GlobalSection(SolutionConfigurationPlatforms) = preSolution
		Debug|Win32 = Debug|Win32
		Release|Win32 = Release|Win32
	EndGlobalSection
	GlobalSection(ProjectConfigurationPlatforms) = postSolution
		{08D3F622-23A8-47CA-8F98-877613E9E714}.Debug|Win32.ActiveCfg = Debug|Win32
		{08D3F622-23A8-47CA-8F98-877613E9E714}.Debug|Win32.Build.0 = Debug|Win32
		{08D3F622-23A8-47CA-8F98-877613E9E714}.Release|Win32.ActiveCfg = Release|Win32
		{08D3F622-23A8-47CA-8F98-877613E9E714}.Release|Win32.Build.0 = Release|Win32
		{6F5D0448-1D41-4E0B-AF99-2BC8AE74D2A7}.Debug|Win32.ActiveCfg = Debug|Win32
		{6F5D0448-1D41-4E0B-AF99-2BC8AE74D2A7}.Debug|Win32.Build.0 = Debug|Win32
		{6F5D0448-1D41-4E0B-AF99-2BC8AE74D2A7}.Release|Win32.ActiveCfg = Release|Win32
		{6F5D0448-1D41-4E0B-AF99-2BC8AE74D2A7}.Release|Win32.Build.0 = Release|Win32
		{AFEB34E1-2931-4CBF-B947-A2BABEE9A5B6}.Debug|Win32.ActiveCfg = Debug|Win32
		{AFEB34E1-2931-4CBF-B947-A2BABEE9A5B6}.Debug|Win32.Build.0 = Debug|Win32
		{AFEB34E1-2931-4CBF-B947-A2BABEE9A5B6}.Release|Win32.ActiveCfg = Release|Win32
		{AFEB34E1-2931-4CBF-B947-A2BABEE9A5B6}.Release|Win32.Build.0 = Release|Win32
		{EC5CE98B-F419-48F5-A7BC-7A15DF15FD91}.Debug|Win32.ActiveCfg = Debug|Win32
		{EC5CE98B-F419-48F5-A7BC-7A15DF15FD91}.Debug|Win32.Build.0 = Debug|Win32
		{EC5CE98B-F419-48F5-A7BC-7A15DF15FD91}.Release|Win32.ActiveCfg = Release|Win32
		{EC5CE98B-F419-48F5-A7BC-7A15DF15FD91}.Release|Win32.Build.0 = Release|Win32
		{04C4F116-18A9-4908-B80C-9DFA794C0009}.Debug|Win32.ActiveCfg = Debug|Win32
		{04C4F116-18A9-4908-B80C-9DFA794C0009}.Debug|Win32.Build.0 = Debug|Win32
		{04C4F116-18A9-4908-B80C-9DFA794C0009}.Release|Win32.ActiveCfg = Release|Win32
		{04C4F116-18A9-4908-B80C-9DFA794C0009}.Release|Win32.Build.0 = Release|Win32
		{A5D2CA41-389A-4EB0-9E47-1FBD9CA9AAF0}.Debug|Win32.ActiveCfg = Debug|Win32
		{A5D2CA41-389A-4EB0-9E47-1FBD9CA9AAF0}.Debug|Win32.Build.0 = Debug|Win32
		{A5D2CA41-389A-4EB0-9E47-1FBD9CA9AAF0}.Release|Win32.ActiveCfg = Release|Win32
		{A5D2CA41-389A-4EB0-9E47-1FBD9CA9AAF0}.Release|Win32.Build.0 = Release|Win32
		{E483D455-568B-4E7A-852A-6CB4745F1EF3}.Debug|Win32.ActiveCfg = Debug|Win32
		{E483D455-568B-4E7A-852A-6CB4745F1EF3}.Debug|Win32.Build.0 = Debug|Win32
		{E483D455-568B-4E7A-852A-6CB4745F1EF3}.Release|Win32.ActiveCfg = Release|Win32
		{E483D455-568B-4E7A-852A-6CB4745F1EF3}.Release|Win32.Build.0 = Release|Win32
		{9AE34845-F27C-4382-BC30-8FDEC8FA31FC}.Debug|Win32.ActiveCfg = Debug|Win32
		{9AE34845-F27C-4382-BC30-8FDEC8FA31FC}.Debug|Win32.Build.0 = Debug|Win32
		{9AE34845-F27C-4382-BC30-8FDEC8FA31FC}.Release|Win32.ActiveCfg = Release|Win32
		{9AE34845-F27C-4382-BC30-8FDEC8FA31FC}.Release|Win32.Build.0 = Release|Win32
		{0B6344C1-B1AF-4517-A328-52F0C6589E88}.Debug|Win32.ActiveCfg = Debug|Win32
		{0B6344C1-B1AF-4517-A328-52F0C6589E88}.Debug|Win32.Build.0 = Debug|Win32
		{0B6344C1-B1AF-4517-A328-52F0C6589E88}.Release|Win32.ActiveCfg = Release|Win32
		{0B6344C1-B1AF-4517-A328-52F0C6589E88}.Release|Win32.Build.0 = Release|Win32
		{1FD2570B-3247-458A-B2C0-4718EBC5E886}.Debug|Win32.ActiveCfg = Debug|Win32
		{1FD2570B-3247-458A-B2C0-4718EBC5E886}.Debug|Win32.Build.0 = Debug|Win32
		{1FD2570B-3247-458A-B2C0-4718EBC5E886}.Release|Win32.ActiveCfg = Release|Win32
		{1FD2570B-3247-458A-B2C0-4718EBC5E886}.Release|Win32.Build.0 = Release|Win32
		{C0F41905-ED64-4647-BEDB-38B5BC946C91}.Debug|Win32.ActiveCfg = Debug|Win32
		{C0F41905-ED64-4647-BEDB-38B5BC946C91}.Debug|Win32.Build.0 = Debug|Win32
		{C0F41905-ED64-4647-BEDB-38B5BC946C91}.Release|Win32.ActiveCfg = Release|Win32
		{C0F41905-ED64-4647-BEDB-38B5BC946C91}.Release|Win32.Build.0 = Release|Win32
	EndGlobalSection
	GlobalSection(SolutionProperties) = preSolution
		HideSolutionNode = FALSE
	EndGlobalSection
	GlobalSection(NestedProjects) = preSolution
		{08D3F622-23A8-47CA-8F98-877613E9E714} = {5A3260AD-7EB1-42A1-AF17-6AC59CEB4A0B}
		{0B6344C1-B1AF-4517-A328-52F0C6589E88} = {5A3260AD-7EB1-42A1-AF17-6AC59CEB4A0B}
		{1FD2570B-3247-458A-B2C0-4718EBC5E886} = {5A3260AD-7EB1-42A1-AF17-6AC59CEB4A0B}
		{6F5D0448-1D41-4E0B-AF99-2BC8AE74D2A7} = {5A3260AD-7EB1-42A1-AF17-6AC59CEB4A0B}
		{AFEB34E1-2931-4CBF-B947-A2BABEE9A5B6} = {5A3260AD-7EB1-42A1-AF17-6AC59CEB4A0B}
		{EC5CE98B-F419-48F5-A7BC-7A15DF15FD91} = {5A3260AD-7EB1-42A1-AF17-6AC59CEB4A0B}
		{04C4F116-18A9-4908-B80C-9DFA794C0009} = {5A3260AD-7EB1-42A1-AF17-6AC59CEB4A0B}
		{A5D2CA41-389A-4EB0-9E47-1FBD9CA9AAF0} = {5A3260AD-7EB1-42A1-AF17-6AC59CEB4A0B}
		{E483D455-568B-4E7A-852A-6CB4745F1EF3} = {5A3260AD-7EB1-42A1-AF17-6AC59CEB4A0B}
		{9AE34845-F27C-4382-BC30-8FDEC8FA31FC} = {5A3260AD-7EB1-42A1-AF17-6AC59CEB4A0B}
	EndGlobalSection
EndGlobal
