
Microsoft Visual Studio Solution File, Format Version 12.00
# Visual Studio 14
VisualStudioVersion = 14.0.25420.1
MinimumVisualStudioVersion = 10.0.40219.1
Project("{8BC9CEB8-8B4A-11D0-8D11-00A0C91BC942}") = "sample1", "sample1\vs2015\sample1.vcxproj", "{19941155-3C51-4896-B970-158081A8539E}"
EndProject
Project("{8BC9CEB8-8B4A-11D0-8D11-00A0C91BC942}") = "sample2", "sample2\vs2015\sample2.vcxproj", "{58E6DC18-B4D9-4FAD-80C8-8811D49DBE38}"
EndProject
Project("{8BC9CEB8-8B4A-11D0-8D11-00A0C91BC942}") = "sample3", "sample3\vs2015\sample3.vcxproj", "{DE737DC5-820C-4D2C-B205-641E3BDE4013}"
EndProject
Project("{8BC9CEB8-8B4A-11D0-8D11-00A0C91BC942}") = "sample4", "sample4\vs2015\sample4.vcxproj", "{DD2D8606-EA48-4BCC-9B8A-1587987E5ADB}"
EndProject
Project("{8BC9CEB8-8B4A-11D0-8D11-00A0C91BC942}") = "sample5", "sample5\vs2015\sample5.vcxproj", "{F5C06844-A472-473F-8B91-990867724666}"
EndProject
Project("{8BC9CEB8-8B4A-11D0-8D11-00A0C91BC942}") = "sample6", "sample6\vs2015\sample6.vcxproj", "{076E72B7-8DF0-4756-80F9-558E5883BE25}"
EndProject
Project("{8BC9CEB8-8B4A-11D0-8D11-00A0C91BC942}") = "sample7", "sample7\vs2015\sample7.vcxproj", "{E4E31B88-C056-4E30-91A3-3EA85F4D1555}"
EndProject
Project("{8BC9CEB8-8B4A-11D0-8D11-00A0C91BC942}") = "sample8", "sample8\vs2015\sample8.vcxproj", "{719A0669-B399-4B05-A4C1-EBBA0768E2CD}"
EndProject
Project("{8BC9CEB8-8B4A-11D0-8D11-00A0C91BC942}") = "sample9", "sample9\vs2015\sample9.vcxproj", "{59DED0F3-54E2-4596-8881-7FC1FC907361}"
EndProject
Project("{8BC9CEB8-8B4A-11D0-8D11-00A0C91BC942}") = "sample10", "sample10\vs2015\sample10.vcxproj", "{72614CAE-F111-47C4-BE29-82C2C8979A21}"
EndProject
Project("{8BC9CEB8-8B4A-11D0-8D11-00A0C91BC942}") = "sample_assert", "sample_assert\vs2015\sample_assert.vcxproj", "{A05A35D0-554A-42E4-8A0F-92FD5389A22D}"
EndProject
Project("{2150E333-8FDC-42A3-9474-1A3956D46DE8}") = "google official", "google official", "{4F9E00FD-58F7-4255-BFB1-798D7C756D88}"
EndProject
Global
	GlobalSection(SolutionConfigurationPlatforms) = preSolution
		Debug|x64 = Debug|x64
		Debug|x86 = Debug|x86
		Release|x64 = Release|x64
		Release|x86 = Release|x86
	EndGlobalSection
	GlobalSection(ProjectConfigurationPlatforms) = postSolution
		{19941155-3C51-4896-B970-158081A8539E}.Debug|x64.ActiveCfg = Debug|x64
		{19941155-3C51-4896-B970-158081A8539E}.Debug|x64.Build.0 = Debug|x64
		{19941155-3C51-4896-B970-158081A8539E}.Debug|x86.ActiveCfg = Debug|Win32
		{19941155-3C51-4896-B970-158081A8539E}.Debug|x86.Build.0 = Debug|Win32
		{19941155-3C51-4896-B970-158081A8539E}.Release|x64.ActiveCfg = Release|x64
		{19941155-3C51-4896-B970-158081A8539E}.Release|x64.Build.0 = Release|x64
		{19941155-3C51-4896-B970-158081A8539E}.Release|x86.ActiveCfg = Release|Win32
		{19941155-3C51-4896-B970-158081A8539E}.Release|x86.Build.0 = Release|Win32
		{58E6DC18-B4D9-4FAD-80C8-8811D49DBE38}.Debug|x64.ActiveCfg = Debug|x64
		{58E6DC18-B4D9-4FAD-80C8-8811D49DBE38}.Debug|x64.Build.0 = Debug|x64
		{58E6DC18-B4D9-4FAD-80C8-8811D49DBE38}.Debug|x86.ActiveCfg = Debug|Win32
		{58E6DC18-B4D9-4FAD-80C8-8811D49DBE38}.Debug|x86.Build.0 = Debug|Win32
		{58E6DC18-B4D9-4FAD-80C8-8811D49DBE38}.Release|x64.ActiveCfg = Release|x64
		{58E6DC18-B4D9-4FAD-80C8-8811D49DBE38}.Release|x64.Build.0 = Release|x64
		{58E6DC18-B4D9-4FAD-80C8-8811D49DBE38}.Release|x86.ActiveCfg = Release|Win32
		{58E6DC18-B4D9-4FAD-80C8-8811D49DBE38}.Release|x86.Build.0 = Release|Win32
		{DE737DC5-820C-4D2C-B205-641E3BDE4013}.Debug|x64.ActiveCfg = Debug|x64
		{DE737DC5-820C-4D2C-B205-641E3BDE4013}.Debug|x64.Build.0 = Debug|x64
		{DE737DC5-820C-4D2C-B205-641E3BDE4013}.Debug|x86.ActiveCfg = Debug|Win32
		{DE737DC5-820C-4D2C-B205-641E3BDE4013}.Debug|x86.Build.0 = Debug|Win32
		{DE737DC5-820C-4D2C-B205-641E3BDE4013}.Release|x64.ActiveCfg = Release|x64
		{DE737DC5-820C-4D2C-B205-641E3BDE4013}.Release|x64.Build.0 = Release|x64
		{DE737DC5-820C-4D2C-B205-641E3BDE4013}.Release|x86.ActiveCfg = Release|Win32
		{DE737DC5-820C-4D2C-B205-641E3BDE4013}.Release|x86.Build.0 = Release|Win32
		{DD2D8606-EA48-4BCC-9B8A-1587987E5ADB}.Debug|x64.ActiveCfg = Debug|x64
		{DD2D8606-EA48-4BCC-9B8A-1587987E5ADB}.Debug|x64.Build.0 = Debug|x64
		{DD2D8606-EA48-4BCC-9B8A-1587987E5ADB}.Debug|x86.ActiveCfg = Debug|Win32
		{DD2D8606-EA48-4BCC-9B8A-1587987E5ADB}.Debug|x86.Build.0 = Debug|Win32
		{DD2D8606-EA48-4BCC-9B8A-1587987E5ADB}.Release|x64.ActiveCfg = Release|x64
		{DD2D8606-EA48-4BCC-9B8A-1587987E5ADB}.Release|x64.Build.0 = Release|x64
		{DD2D8606-EA48-4BCC-9B8A-1587987E5ADB}.Release|x86.ActiveCfg = Release|Win32
		{DD2D8606-EA48-4BCC-9B8A-1587987E5ADB}.Release|x86.Build.0 = Release|Win32
		{F5C06844-A472-473F-8B91-990867724666}.Debug|x64.ActiveCfg = Debug|x64
		{F5C06844-A472-473F-8B91-990867724666}.Debug|x64.Build.0 = Debug|x64
		{F5C06844-A472-473F-8B91-990867724666}.Debug|x86.ActiveCfg = Debug|Win32
		{F5C06844-A472-473F-8B91-990867724666}.Debug|x86.Build.0 = Debug|Win32
		{F5C06844-A472-473F-8B91-990867724666}.Release|x64.ActiveCfg = Release|x64
		{F5C06844-A472-473F-8B91-990867724666}.Release|x64.Build.0 = Release|x64
		{F5C06844-A472-473F-8B91-990867724666}.Release|x86.ActiveCfg = Release|Win32
		{F5C06844-A472-473F-8B91-990867724666}.Release|x86.Build.0 = Release|Win32
		{076E72B7-8DF0-4756-80F9-558E5883BE25}.Debug|x64.ActiveCfg = Debug|x64
		{076E72B7-8DF0-4756-80F9-558E5883BE25}.Debug|x64.Build.0 = Debug|x64
		{076E72B7-8DF0-4756-80F9-558E5883BE25}.Debug|x86.ActiveCfg = Debug|Win32
		{076E72B7-8DF0-4756-80F9-558E5883BE25}.Debug|x86.Build.0 = Debug|Win32
		{076E72B7-8DF0-4756-80F9-558E5883BE25}.Release|x64.ActiveCfg = Release|x64
		{076E72B7-8DF0-4756-80F9-558E5883BE25}.Release|x64.Build.0 = Release|x64
		{076E72B7-8DF0-4756-80F9-558E5883BE25}.Release|x86.ActiveCfg = Release|Win32
		{076E72B7-8DF0-4756-80F9-558E5883BE25}.Release|x86.Build.0 = Release|Win32
		{E4E31B88-C056-4E30-91A3-3EA85F4D1555}.Debug|x64.ActiveCfg = Debug|x64
		{E4E31B88-C056-4E30-91A3-3EA85F4D1555}.Debug|x64.Build.0 = Debug|x64
		{E4E31B88-C056-4E30-91A3-3EA85F4D1555}.Debug|x86.ActiveCfg = Debug|Win32
		{E4E31B88-C056-4E30-91A3-3EA85F4D1555}.Debug|x86.Build.0 = Debug|Win32
		{E4E31B88-C056-4E30-91A3-3EA85F4D1555}.Release|x64.ActiveCfg = Release|x64
		{E4E31B88-C056-4E30-91A3-3EA85F4D1555}.Release|x64.Build.0 = Release|x64
		{E4E31B88-C056-4E30-91A3-3EA85F4D1555}.Release|x86.ActiveCfg = Release|Win32
		{E4E31B88-C056-4E30-91A3-3EA85F4D1555}.Release|x86.Build.0 = Release|Win32
		{719A0669-B399-4B05-A4C1-EBBA0768E2CD}.Debug|x64.ActiveCfg = Debug|x64
		{719A0669-B399-4B05-A4C1-EBBA0768E2CD}.Debug|x64.Build.0 = Debug|x64
		{719A0669-B399-4B05-A4C1-EBBA0768E2CD}.Debug|x86.ActiveCfg = Debug|Win32
		{719A0669-B399-4B05-A4C1-EBBA0768E2CD}.Debug|x86.Build.0 = Debug|Win32
		{719A0669-B399-4B05-A4C1-EBBA0768E2CD}.Release|x64.ActiveCfg = Release|x64
		{719A0669-B399-4B05-A4C1-EBBA0768E2CD}.Release|x64.Build.0 = Release|x64
		{719A0669-B399-4B05-A4C1-EBBA0768E2CD}.Release|x86.ActiveCfg = Release|Win32
		{719A0669-B399-4B05-A4C1-EBBA0768E2CD}.Release|x86.Build.0 = Release|Win32
		{59DED0F3-54E2-4596-8881-7FC1FC907361}.Debug|x64.ActiveCfg = Debug|x64
		{59DED0F3-54E2-4596-8881-7FC1FC907361}.Debug|x64.Build.0 = Debug|x64
		{59DED0F3-54E2-4596-8881-7FC1FC907361}.Debug|x86.ActiveCfg = Debug|Win32
		{59DED0F3-54E2-4596-8881-7FC1FC907361}.Debug|x86.Build.0 = Debug|Win32
		{59DED0F3-54E2-4596-8881-7FC1FC907361}.Release|x64.ActiveCfg = Release|x64
		{59DED0F3-54E2-4596-8881-7FC1FC907361}.Release|x64.Build.0 = Release|x64
		{59DED0F3-54E2-4596-8881-7FC1FC907361}.Release|x86.ActiveCfg = Release|Win32
		{59DED0F3-54E2-4596-8881-7FC1FC907361}.Release|x86.Build.0 = Release|Win32
		{72614CAE-F111-47C4-BE29-82C2C8979A21}.Debug|x64.ActiveCfg = Debug|x64
		{72614CAE-F111-47C4-BE29-82C2C8979A21}.Debug|x64.Build.0 = Debug|x64
		{72614CAE-F111-47C4-BE29-82C2C8979A21}.Debug|x86.ActiveCfg = Debug|Win32
		{72614CAE-F111-47C4-BE29-82C2C8979A21}.Debug|x86.Build.0 = Debug|Win32
		{72614CAE-F111-47C4-BE29-82C2C8979A21}.Release|x64.ActiveCfg = Release|x64
		{72614CAE-F111-47C4-BE29-82C2C8979A21}.Release|x64.Build.0 = Release|x64
		{72614CAE-F111-47C4-BE29-82C2C8979A21}.Release|x86.ActiveCfg = Release|Win32
		{72614CAE-F111-47C4-BE29-82C2C8979A21}.Release|x86.Build.0 = Release|Win32
		{A05A35D0-554A-42E4-8A0F-92FD5389A22D}.Debug|x64.ActiveCfg = Debug|x64
		{A05A35D0-554A-42E4-8A0F-92FD5389A22D}.Debug|x64.Build.0 = Debug|x64
		{A05A35D0-554A-42E4-8A0F-92FD5389A22D}.Debug|x86.ActiveCfg = Debug|Win32
		{A05A35D0-554A-42E4-8A0F-92FD5389A22D}.Debug|x86.Build.0 = Debug|Win32
		{A05A35D0-554A-42E4-8A0F-92FD5389A22D}.Release|x64.ActiveCfg = Release|x64
		{A05A35D0-554A-42E4-8A0F-92FD5389A22D}.Release|x64.Build.0 = Release|x64
		{A05A35D0-554A-42E4-8A0F-92FD5389A22D}.Release|x86.ActiveCfg = Release|Win32
		{A05A35D0-554A-42E4-8A0F-92FD5389A22D}.Release|x86.Build.0 = Release|Win32
	EndGlobalSection
	GlobalSection(SolutionProperties) = preSolution
		HideSolutionNode = FALSE
	EndGlobalSection
	GlobalSection(NestedProjects) = preSolution
		{19941155-3C51-4896-B970-158081A8539E} = {4F9E00FD-58F7-4255-BFB1-798D7C756D88}
		{58E6DC18-B4D9-4FAD-80C8-8811D49DBE38} = {4F9E00FD-58F7-4255-BFB1-798D7C756D88}
		{DE737DC5-820C-4D2C-B205-641E3BDE4013} = {4F9E00FD-58F7-4255-BFB1-798D7C756D88}
		{DD2D8606-EA48-4BCC-9B8A-1587987E5ADB} = {4F9E00FD-58F7-4255-BFB1-798D7C756D88}
		{F5C06844-A472-473F-8B91-990867724666} = {4F9E00FD-58F7-4255-BFB1-798D7C756D88}
		{076E72B7-8DF0-4756-80F9-558E5883BE25} = {4F9E00FD-58F7-4255-BFB1-798D7C756D88}
		{E4E31B88-C056-4E30-91A3-3EA85F4D1555} = {4F9E00FD-58F7-4255-BFB1-798D7C756D88}
		{719A0669-B399-4B05-A4C1-EBBA0768E2CD} = {4F9E00FD-58F7-4255-BFB1-798D7C756D88}
		{59DED0F3-54E2-4596-8881-7FC1FC907361} = {4F9E00FD-58F7-4255-BFB1-798D7C756D88}
		{72614CAE-F111-47C4-BE29-82C2C8979A21} = {4F9E00FD-58F7-4255-BFB1-798D7C756D88}
	EndGlobalSection
EndGlobal
